
Microsoft Visual Studio Solution File, Format Version 12.00
# Visual Studio 15
VisualStudioVersion = 15.0.28307.168
MinimumVisualStudioVersion = 10.0.40219.1
Project("{FAE04EC0-301F-11D3-BF4B-00C04F79EFBC}") = "BankingAPI", "BankingAPI.csproj", "{65816AE2-AB0A-4FBD-B297-E49BE38F3275}"
EndProject
Global
	GlobalSection(SolutionConfigurationPlatforms) = preSolution
		Debug|Any CPU = Debug|Any CPU
		Release|Any CPU = Release|Any CPU
	EndGlobalSection
	GlobalSection(ProjectConfigurationPlatforms) = postSolution
		{65816AE2-AB0A-4FBD-B297-E49BE38F3275}.Debug|Any CPU.ActiveCfg = Debug|Any CPU
		{65816AE2-AB0A-4FBD-B297-E49BE38F3275}.Debug|Any CPU.Build.0 = Debug|Any CPU
		{65816AE2-AB0A-4FBD-B297-E49BE38F3275}.Release|Any CPU.ActiveCfg = Release|Any CPU
		{65816AE2-AB0A-4FBD-B297-E49BE38F3275}.Release|Any CPU.Build.0 = Release|Any CPU
	EndGlobalSection
	GlobalSection(SolutionProperties) = preSolution
		HideSolutionNode = FALSE
	EndGlobalSection
	GlobalSection(ExtensibilityGlobals) = postSolution
		SolutionGuid = {FBA92D44-E4CD-4029-A364-4E61A54426A7}
	EndGlobalSection
EndGlobal
